
Microsoft Visual Studio Solution File, Format Version 12.00
# Visual Studio Version 17
VisualStudioVersion = 17.2.32630.192
MinimumVisualStudioVersion = 10.0.40219.1
Project("{54A90642-561A-4BB1-A94E-469ADEE60C69}") = "todo-list-react-deved", "todo-list-react-deved\todo-list-react-deved.esproj", "{075A87A7-A32D-4362-92FA-426F55D0DD7C}"
EndProject
Global
	GlobalSection(SolutionConfigurationPlatforms) = preSolution
		Debug|Any CPU = Debug|Any CPU
		Release|Any CPU = Release|Any CPU
	EndGlobalSection
	GlobalSection(ProjectConfigurationPlatforms) = postSolution
		{075A87A7-A32D-4362-92FA-426F55D0DD7C}.Debug|Any CPU.ActiveCfg = Debug|Any CPU
		{075A87A7-A32D-4362-92FA-426F55D0DD7C}.Debug|Any CPU.Build.0 = Debug|Any CPU
		{075A87A7-A32D-4362-92FA-426F55D0DD7C}.Debug|Any CPU.Deploy.0 = Debug|Any CPU
		{075A87A7-A32D-4362-92FA-426F55D0DD7C}.Release|Any CPU.ActiveCfg = Release|Any CPU
		{075A87A7-A32D-4362-92FA-426F55D0DD7C}.Release|Any CPU.Build.0 = Release|Any CPU
		{075A87A7-A32D-4362-92FA-426F55D0DD7C}.Release|Any CPU.Deploy.0 = Release|Any CPU
	EndGlobalSection
	GlobalSection(SolutionProperties) = preSolution
		HideSolutionNode = FALSE
	EndGlobalSection
	GlobalSection(ExtensibilityGlobals) = postSolution
		SolutionGuid = {549D05B7-543C-4569-ACC6-E9524C6BE1F0}
	EndGlobalSection
EndGlobal
